
Microsoft Visual Studio Solution File, Format Version 12.00
# Visual Studio Version 17
VisualStudioVersion = 17.7.34031.279
MinimumVisualStudioVersion = 10.0.40219.1
Project("{13B669BE-BB05-4DDF-9536-439F39A36129}") = "Part1WorkingWithVariables", "Part1WorkingWithVariables\Part1WorkingWithVariables.phpproj", "{E3FE592F-3948-4768-AE45-E058CDAC9A84}"
EndProject
Project("{13B669BE-BB05-4DDF-9536-439F39A36129}") = "Part2WorkingWithStrings", "Part2WorkingWithStrings\Part2WorkingWithStrings.phpproj", "{A46FBD84-D3D0-41C1-AC2A-86D158C83150}"
EndProject
Project("{13B669BE-BB05-4DDF-9536-439F39A36129}") = "Part3AccessingStringCharacters", "Part3AccessingStringCharacters\Part3AccessingStringCharacters.phpproj", "{B89B9C82-F18C-40B5-ABA9-00622E7836E6}"
EndProject
Project("{13B669BE-BB05-4DDF-9536-439F39A36129}") = "Part4Practice", "Part4Practice\Part4Practice.phpproj", "{A63D2173-F464-40A1-8645-695FB7C18420}"
EndProject
Project("{13B669BE-BB05-4DDF-9536-439F39A36129}") = "Part5WorkingWithAssignmentAndDecrements", "Part5WorkingWithAssignmentAndDecrements\Part5WorkingWithAssignmentAndDecrements.phpproj", "{73C36A87-589D-436A-9F5E-84E1FD849D8B}"
EndProject
Project("{13B669BE-BB05-4DDF-9536-439F39A36129}") = "Part6WorkingWithArrays", "Part6WorkingWithArrays\Part6WorkingWithArrays.phpproj", "{946A81F1-4941-4371-B8F9-0E9FB569074D}"
EndProject
Project("{13B669BE-BB05-4DDF-9536-439F39A36129}") = "Part7AssociativeArrays", "Part7AssociativeArrays\Part7AssociativeArrays.phpproj", "{35343C3F-7E36-486D-90E9-189499B10AE3}"
EndProject
Project("{13B669BE-BB05-4DDF-9536-439F39A36129}") = "Part8MultidimensionalArraysVariableTypes", "Part8MultidimensionalArraysVariableTypes\Part8MultidimensionalArraysVariableTypes.phpproj", "{494E4F1B-0032-4000-90D6-F821F3F1D7A7}"
EndProject
Project("{13B669BE-BB05-4DDF-9536-439F39A36129}") = "Part9ConstructIfElse", "Part9ConstructIfElse\Part9ConstructIfElse.phpproj", "{9C7C33AE-A081-4005-80E3-77F229C749A4}"
EndProject
Project("{13B669BE-BB05-4DDF-9536-439F39A36129}") = "Part10ConstructIfElseTasks", "Part10ConstructIfElseTasks\Part10ConstructIfElseTasks.phpproj", "{BADACD7F-ABEC-4AC2-8ED8-212110050D7D}"
EndProject
Project("{13B669BE-BB05-4DDF-9536-439F39A36129}") = "Part11CyclesForeachWhileFor", "Part11CyclesForeachWhileFor\Part11CyclesForeachWhileFor.phpproj", "{E119880E-72F2-493E-B9EA-032BCE4475D1}"
EndProject
Project("{13B669BE-BB05-4DDF-9536-439F39A36129}") = "Part12CyclesForeachWhileForTasks", "Part12CyclesForeachWhileForTasks\Part12CyclesForeachWhileForTasks.phpproj", "{DF35231C-640E-45B5-81A7-BA9AFB4D5F40}"
EndProject
Project("{13B669BE-BB05-4DDF-9536-439F39A36129}") = "Part13MathematicalFunctionsPHP", "Part13MathematicalFunctionsPHP\Part13MathematicalFunctionsPHP.phpproj", "{036116EF-EEBB-47ED-AD00-2D7861B17A5D}"
EndProject
Project("{13B669BE-BB05-4DDF-9536-439F39A36129}") = "Part14MathematicalFunctionsPHPTasks", "Part14MathematicalFunctionsPHPTasks\Part14MathematicalFunctionsPHPTasks.phpproj", "{B0318F2B-127C-4F8B-92CE-FB32DED37FEE}"
EndProject
Project("{13B669BE-BB05-4DDF-9536-439F39A36129}") = "Part15FunctionsForWorkingWithStrings", "Part15FunctionsForWorkingWithStrings\Part15FunctionsForWorkingWithStrings.phpproj", "{DB06E3A3-3566-4CAE-A054-4C4166A6C87A}"
EndProject
Project("{13B669BE-BB05-4DDF-9536-439F39A36129}") = "Part16WorkingWithFormsInPHP", "Part16WorkingWithFormsInPHP\Part16WorkingWithFormsInPHP.phpproj", "{FD368E83-F5CD-44C6-9EF2-599F701D0AB3}"
EndProject
Global
	GlobalSection(SolutionConfigurationPlatforms) = preSolution
		Debug|Any CPU = Debug|Any CPU
		Release|Any CPU = Release|Any CPU
	EndGlobalSection
	GlobalSection(ProjectConfigurationPlatforms) = postSolution
		{E3FE592F-3948-4768-AE45-E058CDAC9A84}.Debug|Any CPU.ActiveCfg = Debug|Any CPU
		{E3FE592F-3948-4768-AE45-E058CDAC9A84}.Debug|Any CPU.Build.0 = Debug|Any CPU
		{E3FE592F-3948-4768-AE45-E058CDAC9A84}.Release|Any CPU.ActiveCfg = Release|Any CPU
		{E3FE592F-3948-4768-AE45-E058CDAC9A84}.Release|Any CPU.Build.0 = Release|Any CPU
		{A46FBD84-D3D0-41C1-AC2A-86D158C83150}.Debug|Any CPU.ActiveCfg = Debug|Any CPU
		{A46FBD84-D3D0-41C1-AC2A-86D158C83150}.Debug|Any CPU.Build.0 = Debug|Any CPU
		{A46FBD84-D3D0-41C1-AC2A-86D158C83150}.Release|Any CPU.ActiveCfg = Release|Any CPU
		{A46FBD84-D3D0-41C1-AC2A-86D158C83150}.Release|Any CPU.Build.0 = Release|Any CPU
		{B89B9C82-F18C-40B5-ABA9-00622E7836E6}.Debug|Any CPU.ActiveCfg = Debug|Any CPU
		{B89B9C82-F18C-40B5-ABA9-00622E7836E6}.Debug|Any CPU.Build.0 = Debug|Any CPU
		{B89B9C82-F18C-40B5-ABA9-00622E7836E6}.Release|Any CPU.ActiveCfg = Release|Any CPU
		{B89B9C82-F18C-40B5-ABA9-00622E7836E6}.Release|Any CPU.Build.0 = Release|Any CPU
		{A63D2173-F464-40A1-8645-695FB7C18420}.Debug|Any CPU.ActiveCfg = Debug|Any CPU
		{A63D2173-F464-40A1-8645-695FB7C18420}.Debug|Any CPU.Build.0 = Debug|Any CPU
		{A63D2173-F464-40A1-8645-695FB7C18420}.Release|Any CPU.ActiveCfg = Release|Any CPU
		{A63D2173-F464-40A1-8645-695FB7C18420}.Release|Any CPU.Build.0 = Release|Any CPU
		{73C36A87-589D-436A-9F5E-84E1FD849D8B}.Debug|Any CPU.ActiveCfg = Debug|Any CPU
		{73C36A87-589D-436A-9F5E-84E1FD849D8B}.Debug|Any CPU.Build.0 = Debug|Any CPU
		{73C36A87-589D-436A-9F5E-84E1FD849D8B}.Release|Any CPU.ActiveCfg = Release|Any CPU
		{73C36A87-589D-436A-9F5E-84E1FD849D8B}.Release|Any CPU.Build.0 = Release|Any CPU
		{946A81F1-4941-4371-B8F9-0E9FB569074D}.Debug|Any CPU.ActiveCfg = Debug|Any CPU
		{946A81F1-4941-4371-B8F9-0E9FB569074D}.Debug|Any CPU.Build.0 = Debug|Any CPU
		{946A81F1-4941-4371-B8F9-0E9FB569074D}.Release|Any CPU.ActiveCfg = Release|Any CPU
		{946A81F1-4941-4371-B8F9-0E9FB569074D}.Release|Any CPU.Build.0 = Release|Any CPU
		{35343C3F-7E36-486D-90E9-189499B10AE3}.Debug|Any CPU.ActiveCfg = Debug|Any CPU
		{35343C3F-7E36-486D-90E9-189499B10AE3}.Debug|Any CPU.Build.0 = Debug|Any CPU
		{35343C3F-7E36-486D-90E9-189499B10AE3}.Release|Any CPU.ActiveCfg = Release|Any CPU
		{35343C3F-7E36-486D-90E9-189499B10AE3}.Release|Any CPU.Build.0 = Release|Any CPU
		{494E4F1B-0032-4000-90D6-F821F3F1D7A7}.Debug|Any CPU.ActiveCfg = Debug|Any CPU
		{494E4F1B-0032-4000-90D6-F821F3F1D7A7}.Debug|Any CPU.Build.0 = Debug|Any CPU
		{494E4F1B-0032-4000-90D6-F821F3F1D7A7}.Release|Any CPU.ActiveCfg = Release|Any CPU
		{494E4F1B-0032-4000-90D6-F821F3F1D7A7}.Release|Any CPU.Build.0 = Release|Any CPU
		{9C7C33AE-A081-4005-80E3-77F229C749A4}.Debug|Any CPU.ActiveCfg = Debug|Any CPU
		{9C7C33AE-A081-4005-80E3-77F229C749A4}.Debug|Any CPU.Build.0 = Debug|Any CPU
		{9C7C33AE-A081-4005-80E3-77F229C749A4}.Release|Any CPU.ActiveCfg = Release|Any CPU
		{9C7C33AE-A081-4005-80E3-77F229C749A4}.Release|Any CPU.Build.0 = Release|Any CPU
		{BADACD7F-ABEC-4AC2-8ED8-212110050D7D}.Debug|Any CPU.ActiveCfg = Debug|Any CPU
		{BADACD7F-ABEC-4AC2-8ED8-212110050D7D}.Debug|Any CPU.Build.0 = Debug|Any CPU
		{BADACD7F-ABEC-4AC2-8ED8-212110050D7D}.Release|Any CPU.ActiveCfg = Release|Any CPU
		{BADACD7F-ABEC-4AC2-8ED8-212110050D7D}.Release|Any CPU.Build.0 = Release|Any CPU
		{E119880E-72F2-493E-B9EA-032BCE4475D1}.Debug|Any CPU.ActiveCfg = Debug|Any CPU
		{E119880E-72F2-493E-B9EA-032BCE4475D1}.Debug|Any CPU.Build.0 = Debug|Any CPU
		{E119880E-72F2-493E-B9EA-032BCE4475D1}.Release|Any CPU.ActiveCfg = Release|Any CPU
		{E119880E-72F2-493E-B9EA-032BCE4475D1}.Release|Any CPU.Build.0 = Release|Any CPU
		{DF35231C-640E-45B5-81A7-BA9AFB4D5F40}.Debug|Any CPU.ActiveCfg = Debug|Any CPU
		{DF35231C-640E-45B5-81A7-BA9AFB4D5F40}.Debug|Any CPU.Build.0 = Debug|Any CPU
		{DF35231C-640E-45B5-81A7-BA9AFB4D5F40}.Release|Any CPU.ActiveCfg = Release|Any CPU
		{DF35231C-640E-45B5-81A7-BA9AFB4D5F40}.Release|Any CPU.Build.0 = Release|Any CPU
		{036116EF-EEBB-47ED-AD00-2D7861B17A5D}.Debug|Any CPU.ActiveCfg = Debug|Any CPU
		{036116EF-EEBB-47ED-AD00-2D7861B17A5D}.Debug|Any CPU.Build.0 = Debug|Any CPU
		{036116EF-EEBB-47ED-AD00-2D7861B17A5D}.Release|Any CPU.ActiveCfg = Release|Any CPU
		{036116EF-EEBB-47ED-AD00-2D7861B17A5D}.Release|Any CPU.Build.0 = Release|Any CPU
		{B0318F2B-127C-4F8B-92CE-FB32DED37FEE}.Debug|Any CPU.ActiveCfg = Debug|Any CPU
		{B0318F2B-127C-4F8B-92CE-FB32DED37FEE}.Debug|Any CPU.Build.0 = Debug|Any CPU
		{B0318F2B-127C-4F8B-92CE-FB32DED37FEE}.Release|Any CPU.ActiveCfg = Release|Any CPU
		{B0318F2B-127C-4F8B-92CE-FB32DED37FEE}.Release|Any CPU.Build.0 = Release|Any CPU
		{DB06E3A3-3566-4CAE-A054-4C4166A6C87A}.Debug|Any CPU.ActiveCfg = Debug|Any CPU
		{DB06E3A3-3566-4CAE-A054-4C4166A6C87A}.Debug|Any CPU.Build.0 = Debug|Any CPU
		{DB06E3A3-3566-4CAE-A054-4C4166A6C87A}.Release|Any CPU.ActiveCfg = Release|Any CPU
		{DB06E3A3-3566-4CAE-A054-4C4166A6C87A}.Release|Any CPU.Build.0 = Release|Any CPU
		{FD368E83-F5CD-44C6-9EF2-599F701D0AB3}.Debug|Any CPU.ActiveCfg = Debug|Any CPU
		{FD368E83-F5CD-44C6-9EF2-599F701D0AB3}.Debug|Any CPU.Build.0 = Debug|Any CPU
		{FD368E83-F5CD-44C6-9EF2-599F701D0AB3}.Release|Any CPU.ActiveCfg = Release|Any CPU
		{FD368E83-F5CD-44C6-9EF2-599F701D0AB3}.Release|Any CPU.Build.0 = Release|Any CPU
	EndGlobalSection
	GlobalSection(SolutionProperties) = preSolution
		HideSolutionNode = FALSE
	EndGlobalSection
	GlobalSection(ExtensibilityGlobals) = postSolution
		SolutionGuid = {1727D4D4-9719-4C27-9EC1-69F4FCBB5898}
	EndGlobalSection
EndGlobal
